PODS:
  - CocoaLumberjack (1.9.2):
    - CocoaLumberjack/Extensions (= 1.9.2)
  - CocoaLumberjack/Core (1.9.2)
  - CocoaLumberjack/Extensions (1.9.2):
    - CocoaLumberjack/Core
  - FormatterKit/TimeIntervalFormatter (1.8.0)
  - IGIdenticon (0.2.1)
  - InAppSettingsKit (2.4.3)
  - JSQMessagesViewController (6.1.3):
    - JSQSystemSoundPlayer (~> 2.0.1)
  - JSQSystemSoundPlayer (2.0.1)
  - libsodium (1.0.2)
  - Mantle (1.5.4):
    - Mantle/extobjc (= 1.5.4)
  - Mantle/extobjc (1.5.4)
  - PureLayout (2.0.5)
  - YapDatabase (2.5.4):
    - YapDatabase/standard (= 2.5.4)
  - YapDatabase/common (2.5.4):
    - CocoaLumberjack (~> 1)
  - YapDatabase/standard (2.5.4):
    - YapDatabase/common

DEPENDENCIES:
  - FormatterKit/TimeIntervalFormatter (~> 1.6)
  - IGIdenticon (~> 0.2.0)
  - InAppSettingsKit (~> 2.2)
  - JSQMessagesViewController (~> 6.0)
  - libsodium (from `Podspecs/libsodium.podspec.json`)
  - Mantle (~> 1.4)
  - PureLayout (~> 2.0)
  - YapDatabase (~> 2.5)

EXTERNAL SOURCES:
  libsodium:
    :podspec: Podspecs/libsodium.podspec.json

SPEC CHECKSUMS:
  CocoaLumberjack: 205769c032b5fef85b92472046bcc8b7e7c8a817
  FormatterKit: 547a808c41172136a3f3acb424ac9361d38bb32f
  IGIdenticon: e644cd0e5a41a86082ab4c06221ca5bf45ea70bb
  InAppSettingsKit: 315e2a196a06921f8f83de01a855ed98dc69851e
  JSQMessagesViewController: e93a288a9662d4519c95a28a8c0eec10beae1bfc
  JSQSystemSoundPlayer: 55528c699a283aae2220d3ae7b8b527d2ecef4b4
  libsodium: d1b482e7628e0298de350375a4ab981b5cc8c71b
  Mantle: d5fbaf30fbc58031223af13812c060e15934a1fe
  PureLayout: 63a3257320223e8edddcd3afb407445f85a6bf74
  YapDatabase: c1d6912df1b4a160f7373ee7657d360e29bb00fd

COCOAPODS: 0.35.0
